
Microsoft Visual Studio Solution File, Format Version 12.00
# Visual Studio Version 17
VisualStudioVersion = 17.3.32929.385
MinimumVisualStudioVersion = 10.0.40219.1
Project("{FAE04EC0-301F-11D3-BF4B-00C04F79EFBC}") = "Shopping_Appilication", "Shopping_Appilication\Shopping_Appilication.csproj", "{D215A883-4B50-4BF7-922F-BC45F93D25E5}"
EndProject
Global
	GlobalSection(SolutionConfigurationPlatforms) = preSolution
		Debug|Any CPU = Debug|Any CPU
		Release|Any CPU = Release|Any CPU
	EndGlobalSection
	GlobalSection(ProjectConfigurationPlatforms) = postSolution
		{D215A883-4B50-4BF7-922F-BC45F93D25E5}.Debug|Any CPU.ActiveCfg = Debug|Any CPU
		{D215A883-4B50-4BF7-922F-BC45F93D25E5}.Debug|Any CPU.Build.0 = Debug|Any CPU
		{D215A883-4B50-4BF7-922F-BC45F93D25E5}.Release|Any CPU.ActiveCfg = Release|Any CPU
		{D215A883-4B50-4BF7-922F-BC45F93D25E5}.Release|Any CPU.Build.0 = Release|Any CPU
	EndGlobalSection
	GlobalSection(SolutionProperties) = preSolution
		HideSolutionNode = FALSE
	EndGlobalSection
	GlobalSection(ExtensibilityGlobals) = postSolution
		SolutionGuid = {BD3767BA-33D1-45CD-AC02-03B90F24D014}
	EndGlobalSection
EndGlobal
